
Microsoft Visual Studio Solution File, Format Version 12.00
# Visual Studio Version 16
VisualStudioVersion = 16.0.30804.86
MinimumVisualStudioVersion = 10.0.40219.1
Project("{2150E333-8FDC-42A3-9474-1A3956D46DE8}") = "APIs", "APIs", "{B0E2A284-E916-4258-A94E-627EE44B8540}"
EndProject
Project("{2150E333-8FDC-42A3-9474-1A3956D46DE8}") = "Clients", "Clients", "{A13DEA1A-FAD2-416A-A51B-53B0104C4AC9}"
EndProject
Project("{9A19103F-16F7-4668-BE54-9A1E7A4F7556}") = "Eshop.API", "API\Product.API\Eshop.API.csproj", "{E068F22A-2EA0-499F-B6A6-DED90AD75B4B}"
EndProject
Project("{2150E333-8FDC-42A3-9474-1A3956D46DE8}") = "Data", "Data", "{CA16F94B-4B00-48FD-99A0-AD238259ED68}"
EndProject
Project("{2150E333-8FDC-42A3-9474-1A3956D46DE8}") = "Models", "Models", "{563C6584-37CE-40F1-A7BD-17A3E842A940}"
EndProject
Project("{9A19103F-16F7-4668-BE54-9A1E7A4F7556}") = "Eshop.Models", "Models\Product.Models\Eshop.Models.csproj", "{B9C9CF45-0144-440B-9FC1-FE999531554F}"
EndProject
Project("{9A19103F-16F7-4668-BE54-9A1E7A4F7556}") = "Eshop.DataAccess", "Data\Product.DataAccess\Eshop.DataAccess.csproj", "{7D2846FF-12A8-496B-AF15-0C2FEC625B15}"
EndProject
Project("{2150E333-8FDC-42A3-9474-1A3956D46DE8}") = "Utilities", "Utilities", "{DFAEF1A2-BFC8-4DFE-82B8-95AB5C0CAABF}"
EndProject
Project("{9A19103F-16F7-4668-BE54-9A1E7A4F7556}") = "Eshop.Utility", "Utilities\Product.Utility\Eshop.Utility.csproj", "{288C153D-84F9-4B68-9992-218BF70DA5E8}"
EndProject
Project("{9A19103F-16F7-4668-BE54-9A1E7A4F7556}") = "Eshop.Web", "Clients\Product.Web\Eshop.Web.csproj", "{DFAEEF0D-7388-4473-B513-3AFEB9FBAE5B}"
EndProject
Global
	GlobalSection(SolutionConfigurationPlatforms) = preSolution
		Debug|Any CPU = Debug|Any CPU
		Release|Any CPU = Release|Any CPU
	EndGlobalSection
	GlobalSection(ProjectConfigurationPlatforms) = postSolution
		{E068F22A-2EA0-499F-B6A6-DED90AD75B4B}.Debug|Any CPU.ActiveCfg = Debug|Any CPU
		{E068F22A-2EA0-499F-B6A6-DED90AD75B4B}.Debug|Any CPU.Build.0 = Debug|Any CPU
		{E068F22A-2EA0-499F-B6A6-DED90AD75B4B}.Release|Any CPU.ActiveCfg = Release|Any CPU
		{E068F22A-2EA0-499F-B6A6-DED90AD75B4B}.Release|Any CPU.Build.0 = Release|Any CPU
		{B9C9CF45-0144-440B-9FC1-FE999531554F}.Debug|Any CPU.ActiveCfg = Debug|Any CPU
		{B9C9CF45-0144-440B-9FC1-FE999531554F}.Debug|Any CPU.Build.0 = Debug|Any CPU
		{B9C9CF45-0144-440B-9FC1-FE999531554F}.Release|Any CPU.ActiveCfg = Release|Any CPU
		{B9C9CF45-0144-440B-9FC1-FE999531554F}.Release|Any CPU.Build.0 = Release|Any CPU
		{7D2846FF-12A8-496B-AF15-0C2FEC625B15}.Debug|Any CPU.ActiveCfg = Debug|Any CPU
		{7D2846FF-12A8-496B-AF15-0C2FEC625B15}.Debug|Any CPU.Build.0 = Debug|Any CPU
		{7D2846FF-12A8-496B-AF15-0C2FEC625B15}.Release|Any CPU.ActiveCfg = Release|Any CPU
		{7D2846FF-12A8-496B-AF15-0C2FEC625B15}.Release|Any CPU.Build.0 = Release|Any CPU
		{288C153D-84F9-4B68-9992-218BF70DA5E8}.Debug|Any CPU.ActiveCfg = Debug|Any CPU
		{288C153D-84F9-4B68-9992-218BF70DA5E8}.Debug|Any CPU.Build.0 = Debug|Any CPU
		{288C153D-84F9-4B68-9992-218BF70DA5E8}.Release|Any CPU.ActiveCfg = Release|Any CPU
		{288C153D-84F9-4B68-9992-218BF70DA5E8}.Release|Any CPU.Build.0 = Release|Any CPU
		{DFAEEF0D-7388-4473-B513-3AFEB9FBAE5B}.Debug|Any CPU.ActiveCfg = Debug|Any CPU
		{DFAEEF0D-7388-4473-B513-3AFEB9FBAE5B}.Debug|Any CPU.Build.0 = Debug|Any CPU
		{DFAEEF0D-7388-4473-B513-3AFEB9FBAE5B}.Release|Any CPU.ActiveCfg = Release|Any CPU
		{DFAEEF0D-7388-4473-B513-3AFEB9FBAE5B}.Release|Any CPU.Build.0 = Release|Any CPU
	EndGlobalSection
	GlobalSection(SolutionProperties) = preSolution
		HideSolutionNode = FALSE
	EndGlobalSection
	GlobalSection(NestedProjects) = preSolution
		{E068F22A-2EA0-499F-B6A6-DED90AD75B4B} = {B0E2A284-E916-4258-A94E-627EE44B8540}
		{B9C9CF45-0144-440B-9FC1-FE999531554F} = {563C6584-37CE-40F1-A7BD-17A3E842A940}
		{7D2846FF-12A8-496B-AF15-0C2FEC625B15} = {CA16F94B-4B00-48FD-99A0-AD238259ED68}
		{288C153D-84F9-4B68-9992-218BF70DA5E8} = {DFAEF1A2-BFC8-4DFE-82B8-95AB5C0CAABF}
		{DFAEEF0D-7388-4473-B513-3AFEB9FBAE5B} = {A13DEA1A-FAD2-416A-A51B-53B0104C4AC9}
	EndGlobalSection
	GlobalSection(ExtensibilityGlobals) = postSolution
		SolutionGuid = {D6DB7C44-9747-4D10-8295-8F4A8EA397BD}
	EndGlobalSection
EndGlobal
